// !$*UTF8*$!
{
	archiveVersion = 1;
	classes = {
	};
	objectVersion = 55;
	objects = {

/* Begin PBXBuildFile section */
		5232664C28BEB041005A58F4 /* ScannersModel.swift in Sources */ = {isa = PBXBuildFile; fileRef = 5232664B28BEB041005A58F4 /* ScannersModel.swift */; };
		5232664D28BEB041005A58F4 /* ScannersModel.swift in Sources */ = {isa = PBXBuildFile; fileRef = 5232664B28BEB041005A58F4 /* ScannersModel.swift */; };
		526CDFFA28B0643100405847 /* ScannerList.swift in Sources */ = {isa = PBXBuildFile; fileRef = 526CDFF928B0643100405847 /* ScannerList.swift */; };
		526CDFFB28B0643100405847 /* ScannerList.swift in Sources */ = {isa = PBXBuildFile; fileRef = 526CDFF928B0643100405847 /* ScannerList.swift */; };
		526CE00128B43AD300405847 /* SolumModel.swift in Sources */ = {isa = PBXBuildFile; fileRef = 526CDFFF28B43AD300405847 /* SolumModel.swift */; };
		526CE00228B43AD300405847 /* SolumModel.swift in Sources */ = {isa = PBXBuildFile; fileRef = 526CDFFF28B43AD300405847 /* SolumModel.swift */; };
		526CE00328B43AD300405847 /* BluetoothModel.swift in Sources */ = {isa = PBXBuildFile; fileRef = 526CE00028B43AD300405847 /* BluetoothModel.swift */; };
		526CE00428B43AD300405847 /* BluetoothModel.swift in Sources */ = {isa = PBXBuildFile; fileRef = 526CE00028B43AD300405847 /* BluetoothModel.swift */; };
		52836E2E28AAC32D00505979 /* solum_framework.framework in Frameworks */ = {isa = PBXBuildFile; fileRef = 52836E1B28A72F9600505979 /* solum_framework.framework */; };
		52836E2F28AAC32D00505979 /* solum_framework.framework in Embed Frameworks */ = {isa = PBXBuildFile; fileRef = 52836E1B28A72F9600505979 /* solum_framework.framework */; settings = {ATTRIBUTES = (CodeSignOnCopy, RemoveHeadersOnCopy, ); }; };
		5299D9D828BD2CDC003D797B /* Yams in Frameworks */ = {isa = PBXBuildFile; productRef = 5299D9D728BD2CDC003D797B /* Yams */; };
		5299D9DB28BD2D27003D797B /* Yams in Frameworks */ = {isa = PBXBuildFile; productRef = 5299D9DA28BD2D27003D797B /* Yams */; };
		5299D9DD28BD84DB003D797B /* CloudModel.swift in Sources */ = {isa = PBXBuildFile; fileRef = 5299D9DC28BD84DB003D797B /* CloudModel.swift */; };
		5299D9DE28BD84DB003D797B /* CloudModel.swift in Sources */ = {isa = PBXBuildFile; fileRef = 5299D9DC28BD84DB003D797B /* CloudModel.swift */; };
		52CDE03428B061AD008355A0 /* Scanner.swift in Sources */ = {isa = PBXBuildFile; fileRef = 52CDE03328B061AD008355A0 /* Scanner.swift */; };
		52CDE03528B061AD008355A0 /* Scanner.swift in Sources */ = {isa = PBXBuildFile; fileRef = 52CDE03328B061AD008355A0 /* Scanner.swift */; };
		52E9303D28AB25C0000C79B2 /* solum_framework.framework in Frameworks */ = {isa = PBXBuildFile; fileRef = 52E9303C28AB25C0000C79B2 /* solum_framework.framework */; };
		52E9303E28AB25C0000C79B2 /* solum_framework.framework in Embed Frameworks */ = {isa = PBXBuildFile; fileRef = 52E9303C28AB25C0000C79B2 /* solum_framework.framework */; settings = {ATTRIBUTES = (CodeSignOnCopy, RemoveHeadersOnCopy, ); }; };
		52F5C9D228A72EB4003D4D46 /* Solum_ExampleApp.swift in Sources */ = {isa = PBXBuildFile; fileRef = 52F5C9C228A72EB2003D4D46 /* Solum_ExampleApp.swift */; };
		52F5C9D328A72EB4003D4D46 /* Solum_ExampleApp.swift in Sources */ = {isa = PBXBuildFile; fileRef = 52F5C9C228A72EB2003D4D46 /* Solum_ExampleApp.swift */; };
		52F5C9D428A72EB4003D4D46 /* ContentView.swift in Sources */ = {isa = PBXBuildFile; fileRef = 52F5C9C328A72EB2003D4D46 /* ContentView.swift */; };
		52F5C9D528A72EB4003D4D46 /* ContentView.swift in Sources */ = {isa = PBXBuildFile; fileRef = 52F5C9C328A72EB2003D4D46 /* ContentView.swift */; };
		52F5C9D628A72EB4003D4D46 /* Assets.xcassets in Resources */ = {isa = PBXBuildFile; fileRef = 52F5C9C428A72EB4003D4D46 /* Assets.xcassets */; };
		52F5C9D728A72EB4003D4D46 /* Assets.xcassets in Resources */ = {isa = PBXBuildFile; fileRef = 52F5C9C428A72EB4003D4D46 /* Assets.xcassets */; };
/* End PBXBuildFile section */

/* Begin PBXCopyFilesBuildPhase section */
		52836E1E28A72F9600505979 /* Embed Frameworks */ = {
			isa = PBXCopyFilesBuildPhase;
			buildActionMask = 2147483647;
			dstPath = "";
			dstSubfolderSpec = 10;
			files = (
				52E9303E28AB25C0000C79B2 /* solum_framework.framework in Embed Frameworks */,
			);
			name = "Embed Frameworks";
			runOnlyForDeploymentPostprocessing = 0;
		};
		52836E3028AAC32D00505979 /* Embed Frameworks */ = {
			isa = PBXCopyFilesBuildPhase;
			buildActionMask = 2147483647;
			dstPath = "";
			dstSubfolderSpec = 10;
			files = (
				52836E2F28AAC32D00505979 /* solum_framework.framework in Embed Frameworks */,
			);
			name = "Embed Frameworks";
			runOnlyForDeploymentPostprocessing = 0;
		};
/* End PBXCopyFilesBuildPhase section */

/* Begin PBXFileReference section */
		5232664B28BEB041005A58F4 /* ScannersModel.swift */ = {isa = PBXFileReference; lastKnownFileType = sourcecode.swift; path = ScannersModel.swift; sourceTree = SOURCE_ROOT; };
		526CDFF928B0643100405847 /* ScannerList.swift */ = {isa = PBXFileReference; lastKnownFileType = sourcecode.swift; path = ScannerList.swift; sourceTree = "<group>"; };
		526CDFFF28B43AD300405847 /* SolumModel.swift */ = {isa = PBXFileReference; fileEncoding = 4; lastKnownFileType = sourcecode.swift; path = SolumModel.swift; sourceTree = "<group>"; };
		526CE00028B43AD300405847 /* BluetoothModel.swift */ = {isa = PBXFileReference; fileEncoding = 4; lastKnownFileType = sourcecode.swift; path = BluetoothModel.swift; sourceTree = "<group>"; };
		526CE00528B543D000405847 /* Solum-Example--macOS--Info.plist */ = {isa = PBXFileReference; lastKnownFileType = text.plist; path = "Solum-Example--macOS--Info.plist"; sourceTree = "<group>"; };
		52836E1B28A72F9600505979 /* solum_framework.framework */ = {isa = PBXFileReference; lastKnownFileType = wrapper.framework; name = solum_framework.framework; path = "../../Library/Frameworks/solum_framework.framework"; sourceTree = "<group>"; };
		52836E2928AAB78500505979 /* Solum Example (iOS)-Bridging-Header.h */ = {isa = PBXFileReference; lastKnownFileType = sourcecode.c.h; path = "Solum Example (iOS)-Bridging-Header.h"; sourceTree = "<group>"; };
		52836E2A28AAB78500505979 /* Solum Example (macOS)-Bridging-Header.h */ = {isa = PBXFileReference; lastKnownFileType = sourcecode.c.h; path = "Solum Example (macOS)-Bridging-Header.h"; sourceTree = "<group>"; };
		5299D9DC28BD84DB003D797B /* CloudModel.swift */ = {isa = PBXFileReference; lastKnownFileType = sourcecode.swift; path = CloudModel.swift; sourceTree = SOURCE_ROOT; };
		52CDE03328B061AD008355A0 /* Scanner.swift */ = {isa = PBXFileReference; lastKnownFileType = sourcecode.swift; path = Scanner.swift; sourceTree = "<group>"; };
		52DBCD9E28BFFECF00680ABA /* Solum-Example--iOS--Info.plist */ = {isa = PBXFileReference; lastKnownFileType = text.plist; path = "Solum-Example--iOS--Info.plist"; sourceTree = "<group>"; };
		52E9303C28AB25C0000C79B2 /* solum_framework.framework */ = {isa = PBXFileReference; lastKnownFileType = wrapper.framework; name = solum_framework.framework; path = "../../Library/Frameworks/solum_framework.framework"; sourceTree = "<group>"; };
		52F5C9C228A72EB2003D4D46 /* Solum_ExampleApp.swift */ = {isa = PBXFileReference; lastKnownFileType = sourcecode.swift; path = Solum_ExampleApp.swift; sourceTree = "<group>"; };
		52F5C9C328A72EB2003D4D46 /* ContentView.swift */ = {isa = PBXFileReference; lastKnownFileType = sourcecode.swift; path = ContentView.swift; sourceTree = "<group>"; };
		52F5C9C428A72EB4003D4D46 /* Assets.xcassets */ = {isa = PBXFileReference; lastKnownFileType = folder.assetcatalog; path = Assets.xcassets; sourceTree = "<group>"; };
		52F5C9C928A72EB4003D4D46 /* Solum Example.app */ = {isa = PBXFileReference; explicitFileType = wrapper.application; includeInIndex = 0; path = "Solum Example.app"; sourceTree = BUILT_PRODUCTS_DIR; };
		52F5C9CF28A72EB4003D4D46 /* Solum Example.app */ = {isa = PBXFileReference; explicitFileType = wrapper.application; includeInIndex = 0; path = "Solum Example.app"; sourceTree = BUILT_PRODUCTS_DIR; };
		52F5C9D128A72EB4003D4D46 /* macOS.entitlements */ = {isa = PBXFileReference; lastKnownFileType = text.plist.entitlements; path = macOS.entitlements; sourceTree = "<group>"; };
/* End PBXFileReference section */

/* Begin PBXFrameworksBuildPhase section */
		52F5C9C628A72EB4003D4D46 /* Frameworks */ = {
			isa = PBXFrameworksBuildPhase;
			buildActionMask = 2147483647;
			files = (
				5299D9DB28BD2D27003D797B /* Yams in Frameworks */,
				52E9303D28AB25C0000C79B2 /* solum_framework.framework in Frameworks */,
			);
			runOnlyForDeploymentPostprocessing = 0;
		};
		52F5C9CC28A72EB4003D4D46 /* Frameworks */ = {
			isa = PBXFrameworksBuildPhase;
			buildActionMask = 2147483647;
			files = (
				5299D9D828BD2CDC003D797B /* Yams in Frameworks */,
				52836E2E28AAC32D00505979 /* solum_framework.framework in Frameworks */,
			);
			runOnlyForDeploymentPostprocessing = 0;
		};
/* End PBXFrameworksBuildPhase section */

/* Begin PBXGroup section */
		52836E1A28A72F9600505979 /* Frameworks */ = {
			isa = PBXGroup;
			children = (
				52E9303C28AB25C0000C79B2 /* solum_framework.framework */,
				52836E1B28A72F9600505979 /* solum_framework.framework */,
			);
			name = Frameworks;
			sourceTree = "<group>";
		};
		52F5C9BC28A72EB2003D4D46 = {
			isa = PBXGroup;
			children = (
				52DBCD9E28BFFECF00680ABA /* Solum-Example--iOS--Info.plist */,
				526CE00528B543D000405847 /* Solum-Example--macOS--Info.plist */,
				52F5C9C128A72EB2003D4D46 /* Shared */,
				52F5C9D028A72EB4003D4D46 /* macOS */,
				52F5C9CA28A72EB4003D4D46 /* Products */,
				52836E1A28A72F9600505979 /* Frameworks */,
			);
			sourceTree = "<group>";
		};
		52F5C9C128A72EB2003D4D46 /* Shared */ = {
			isa = PBXGroup;
			children = (
				5232664B28BEB041005A58F4 /* ScannersModel.swift */,
				5299D9DC28BD84DB003D797B /* CloudModel.swift */,
				526CE00028B43AD300405847 /* BluetoothModel.swift */,
				526CDFFF28B43AD300405847 /* SolumModel.swift */,
				52F5C9C228A72EB2003D4D46 /* Solum_ExampleApp.swift */,
				52F5C9C328A72EB2003D4D46 /* ContentView.swift */,
				52F5C9C428A72EB4003D4D46 /* Assets.xcassets */,
				52836E2928AAB78500505979 /* Solum Example (iOS)-Bridging-Header.h */,
				52836E2A28AAB78500505979 /* Solum Example (macOS)-Bridging-Header.h */,
				52CDE03328B061AD008355A0 /* Scanner.swift */,
				526CDFF928B0643100405847 /* ScannerList.swift */,
			);
			path = Shared;
			sourceTree = "<group>";
		};
		52F5C9CA28A72EB4003D4D46 /* Products */ = {
			isa = PBXGroup;
			children = (
				52F5C9C928A72EB4003D4D46 /* Solum Example.app */,
				52F5C9CF28A72EB4003D4D46 /* Solum Example.app */,
			);
			name = Products;
			sourceTree = "<group>";
		};
		52F5C9D028A72EB4003D4D46 /* macOS */ = {
			isa = PBXGroup;
			children = (
				52F5C9D128A72EB4003D4D46 /* macOS.entitlements */,
			);
			path = macOS;
			sourceTree = "<group>";
		};
/* End PBXGroup section */

/* Begin PBXNativeTarget section */
		52F5C9C828A72EB4003D4D46 /* Solum Example (iOS) */ = {
			isa = PBXNativeTarget;
			buildConfigurationList = 52F5C9DA28A72EB4003D4D46 /* Build configuration list for PBXNativeTarget "Solum Example (iOS)" */;
			buildPhases = (
				52F5C9C528A72EB4003D4D46 /* Sources */,
				52F5C9C628A72EB4003D4D46 /* Frameworks */,
				52F5C9C728A72EB4003D4D46 /* Resources */,
				52836E1E28A72F9600505979 /* Embed Frameworks */,
			);
			buildRules = (
			);
			dependencies = (
			);
			name = "Solum Example (iOS)";
			packageProductDependencies = (
				5299D9DA28BD2D27003D797B /* Yams */,
			);
			productName = "Solum Example (iOS)";
			productReference = 52F5C9C928A72EB4003D4D46 /* Solum Example.app */;
			productType = "com.apple.product-type.application";
		};
		52F5C9CE28A72EB4003D4D46 /* Solum Example (macOS) */ = {
			isa = PBXNativeTarget;
			buildConfigurationList = 52F5C9DD28A72EB4003D4D46 /* Build configuration list for PBXNativeTarget "Solum Example (macOS)" */;
			buildPhases = (
				52F5C9CB28A72EB4003D4D46 /* Sources */,
				52F5C9CC28A72EB4003D4D46 /* Frameworks */,
				52F5C9CD28A72EB4003D4D46 /* Resources */,
				52836E3028AAC32D00505979 /* Embed Frameworks */,
			);
			buildRules = (
			);
			dependencies = (
			);
			name = "Solum Example (macOS)";
			packageProductDependencies = (
				5299D9D728BD2CDC003D797B /* Yams */,
			);
			productName = "Solum Example (macOS)";
			productReference = 52F5C9CF28A72EB4003D4D46 /* Solum Example.app */;
			productType = "com.apple.product-type.application";
		};
/* End PBXNativeTarget section */

/* Begin PBXProject section */
		52F5C9BD28A72EB2003D4D46 /* Project object */ = {
			isa = PBXProject;
			attributes = {
				BuildIndependentTargetsInParallel = 1;
				LastSwiftUpdateCheck = 1340;
				LastUpgradeCheck = 1340;
				TargetAttributes = {
					52F5C9C828A72EB4003D4D46 = {
						CreatedOnToolsVersion = 13.4.1;
						LastSwiftMigration = 1340;
					};
					52F5C9CE28A72EB4003D4D46 = {
						CreatedOnToolsVersion = 13.4.1;
						LastSwiftMigration = 1340;
					};
				};
			};
			buildConfigurationList = 52F5C9C028A72EB2003D4D46 /* Build configuration list for PBXProject "Solum Example" */;
			compatibilityVersion = "Xcode 13.0";
			developmentRegion = en;
			hasScannedForEncodings = 0;
			knownRegions = (
				en,
				Base,
			);
			mainGroup = 52F5C9BC28A72EB2003D4D46;
			packageReferences = (
				5299D9D628BD2CDC003D797B /* XCRemoteSwiftPackageReference "Yams" */,
				5299D9D928BD2D27003D797B /* XCRemoteSwiftPackageReference "Yams" */,
			);
			productRefGroup = 52F5C9CA28A72EB4003D4D46 /* Products */;
			projectDirPath = "";
			projectRoot = "";
			targets = (
				52F5C9C828A72EB4003D4D46 /* Solum Example (iOS) */,
				52F5C9CE28A72EB4003D4D46 /* Solum Example (macOS) */,
			);
		};
/* End PBXProject section */

/* Begin PBXResourcesBuildPhase section */
		52F5C9C728A72EB4003D4D46 /* Resources */ = {
			isa = PBXResourcesBuildPhase;
			buildActionMask = 2147483647;
			files = (
				52F5C9D628A72EB4003D4D46 /* Assets.xcassets in Resources */,
			);
			runOnlyForDeploymentPostprocessing = 0;
		};
		52F5C9CD28A72EB4003D4D46 /* Resources */ = {
			isa = PBXResourcesBuildPhase;
			buildActionMask = 2147483647;
			files = (
				52F5C9D728A72EB4003D4D46 /* Assets.xcassets in Resources */,
			);
			runOnlyForDeploymentPostprocessing = 0;
		};
/* End PBXResourcesBuildPhase section */

/* Begin PBXSourcesBuildPhase section */
		52F5C9C528A72EB4003D4D46 /* Sources */ = {
			isa = PBXSourcesBuildPhase;
			buildActionMask = 2147483647;
			files = (
				526CE00128B43AD300405847 /* SolumModel.swift in Sources */,
				526CDFFA28B0643100405847 /* ScannerList.swift in Sources */,
				5299D9DD28BD84DB003D797B /* CloudModel.swift in Sources */,
				526CE00328B43AD300405847 /* BluetoothModel.swift in Sources */,
				5232664C28BEB041005A58F4 /* ScannersModel.swift in Sources */,
				52F5C9D428A72EB4003D4D46 /* ContentView.swift in Sources */,
				52CDE03428B061AD008355A0 /* Scanner.swift in Sources */,
				52F5C9D228A72EB4003D4D46 /* Solum_ExampleApp.swift in Sources */,
			);
			runOnlyForDeploymentPostprocessing = 0;
		};
		52F5C9CB28A72EB4003D4D46 /* Sources */ = {
			isa = PBXSourcesBuildPhase;
			buildActionMask = 2147483647;
			files = (
				526CE00228B43AD300405847 /* SolumModel.swift in Sources */,
				526CDFFB28B0643100405847 /* ScannerList.swift in Sources */,
				5299D9DE28BD84DB003D797B /* CloudModel.swift in Sources */,
				526CE00428B43AD300405847 /* BluetoothModel.swift in Sources */,
				5232664D28BEB041005A58F4 /* ScannersModel.swift in Sources */,
				52F5C9D528A72EB4003D4D46 /* ContentView.swift in Sources */,
				52CDE03528B061AD008355A0 /* Scanner.swift in Sources */,
				52F5C9D328A72EB4003D4D46 /* Solum_ExampleApp.swift in Sources */,
			);
			runOnlyForDeploymentPostprocessing = 0;
		};
/* End PBXSourcesBuildPhase section */

/* Begin XCBuildConfiguration section */
		52F5C9D828A72EB4003D4D46 /* Debug */ = {
			isa = XCBuildConfiguration;
			buildSettings = {
				ALWAYS_SEARCH_USER_PATHS = NO;
				CLANG_ANALYZER_NONNULL = YES;
				CLANG_ANALYZER_NUMBER_OBJECT_CONVERSION = YES_AGGRESSIVE;
				CLANG_CXX_LANGUAGE_STANDARD = "gnu++17";
				CLANG_ENABLE_MODULES = YES;
				CLANG_ENABLE_OBJC_ARC = YES;
				CLANG_ENABLE_OBJC_WEAK = YES;
				CLANG_WARN_BLOCK_CAPTURE_AUTORELEASING = YES;
				CLANG_WARN_BOOL_CONVERSION = YES;
				CLANG_WARN_COMMA = YES;
				CLANG_WARN_CONSTANT_CONVERSION = YES;
				CLANG_WARN_DEPRECATED_OBJC_IMPLEMENTATIONS = YES;
				CLANG_WARN_DIRECT_OBJC_ISA_USAGE = YES_ERROR;
				CLANG_WARN_DOCUMENTATION_COMMENTS = YES;
				CLANG_WARN_EMPTY_BODY = YES;
				CLANG_WARN_ENUM_CONVERSION = YES;
				CLANG_WARN_INFINITE_RECURSION = YES;
				CLANG_WARN_INT_CONVERSION = YES;
				CLANG_WARN_NON_LITERAL_NULL_CONVERSION = YES;
				CLANG_WARN_OBJC_IMPLICIT_RETAIN_SELF = YES;
				CLANG_WARN_OBJC_LITERAL_CONVERSION = YES;
				CLANG_WARN_OBJC_ROOT_CLASS = YES_ERROR;
				CLANG_WARN_QUOTED_INCLUDE_IN_FRAMEWORK_HEADER = YES;
				CLANG_WARN_RANGE_LOOP_ANALYSIS = YES;
				CLANG_WARN_STRICT_PROTOTYPES = YES;
				CLANG_WARN_SUSPICIOUS_MOVE = YES;
				CLANG_WARN_UNGUARDED_AVAILABILITY = YES_AGGRESSIVE;
				CLANG_WARN_UNREACHABLE_CODE = YES;
				CLANG_WARN__DUPLICATE_METHOD_MATCH = YES;
				COPY_PHASE_STRIP = NO;
				DEBUG_INFORMATION_FORMAT = dwarf;
				ENABLE_STRICT_OBJC_MSGSEND = YES;
				ENABLE_TESTABILITY = YES;
				FRAMEWORK_SEARCH_PATHS = "";
				GCC_C_LANGUAGE_STANDARD = gnu11;
				GCC_DYNAMIC_NO_PIC = NO;
				GCC_NO_COMMON_BLOCKS = YES;
				GCC_OPTIMIZATION_LEVEL = 0;
				GCC_PREPROCESSOR_DEFINITIONS = (
					"DEBUG=1",
					"$(inherited)",
				);
				GCC_WARN_64_TO_32_BIT_CONVERSION = YES;
				GCC_WARN_ABOUT_RETURN_TYPE = YES_ERROR;
				GCC_WARN_UNDECLARED_SELECTOR = YES;
				GCC_WARN_UNINITIALIZED_AUTOS = YES_AGGRESSIVE;
				GCC_WARN_UNUSED_FUNCTION = YES;
				GCC_WARN_UNUSED_VARIABLE = YES;
				MTL_ENABLE_DEBUG_INFO = INCLUDE_SOURCE;
				MTL_FAST_MATH = YES;
				ONLY_ACTIVE_ARCH = YES;
				SWIFT_ACTIVE_COMPILATION_CONDITIONS = DEBUG;
				SWIFT_OPTIMIZATION_LEVEL = "-Onone";
			};
			name = Debug;
		};
		52F5C9D928A72EB4003D4D46 /* Release */ = {
			isa = XCBuildConfiguration;
			buildSettings = {
				ALWAYS_SEARCH_USER_PATHS = NO;
				CLANG_ANALYZER_NONNULL = YES;
				CLANG_ANALYZER_NUMBER_OBJECT_CONVERSION = YES_AGGRESSIVE;
				CLANG_CXX_LANGUAGE_STANDARD = "gnu++17";
				CLANG_ENABLE_MODULES = YES;
				CLANG_ENABLE_OBJC_ARC = YES;
				CLANG_ENABLE_OBJC_WEAK = YES;
				CLANG_WARN_BLOCK_CAPTURE_AUTORELEASING = YES;
				CLANG_WARN_BOOL_CONVERSION = YES;
				CLANG_WARN_COMMA = YES;
				CLANG_WARN_CONSTANT_CONVERSION = YES;
				CLANG_WARN_DEPRECATED_OBJC_IMPLEMENTATIONS = YES;
				CLANG_WARN_DIRECT_OBJC_ISA_USAGE = YES_ERROR;
				CLANG_WARN_DOCUMENTATION_COMMENTS = YES;
				CLANG_WARN_EMPTY_BODY = YES;
				CLANG_WARN_ENUM_CONVERSION = YES;
				CLANG_WARN_INFINITE_RECURSION = YES;
				CLANG_WARN_INT_CONVERSION = YES;
				CLANG_WARN_NON_LITERAL_NULL_CONVERSION = YES;
				CLANG_WARN_OBJC_IMPLICIT_RETAIN_SELF = YES;
				CLANG_WARN_OBJC_LITERAL_CONVERSION = YES;
				CLANG_WARN_OBJC_ROOT_CLASS = YES_ERROR;
				CLANG_WARN_QUOTED_INCLUDE_IN_FRAMEWORK_HEADER = YES;
				CLANG_WARN_RANGE_LOOP_ANALYSIS = YES;
				CLANG_WARN_STRICT_PROTOTYPES = YES;
				CLANG_WARN_SUSPICIOUS_MOVE = YES;
				CLANG_WARN_UNGUARDED_AVAILABILITY = YES_AGGRESSIVE;
				CLANG_WARN_UNREACHABLE_CODE = YES;
				CLANG_WARN__DUPLICATE_METHOD_MATCH = YES;
				COPY_PHASE_STRIP = NO;
				DEBUG_INFORMATION_FORMAT = "dwarf-with-dsym";
				ENABLE_NS_ASSERTIONS = NO;
				ENABLE_STRICT_OBJC_MSGSEND = YES;
				FRAMEWORK_SEARCH_PATHS = "";
				GCC_C_LANGUAGE_STANDARD = gnu11;
				GCC_NO_COMMON_BLOCKS = YES;
				GCC_WARN_64_TO_32_BIT_CONVERSION = YES;
				GCC_WARN_ABOUT_RETURN_TYPE = YES_ERROR;
				GCC_WARN_UNDECLARED_SELECTOR = YES;
				GCC_WARN_UNINITIALIZED_AUTOS = YES_AGGRESSIVE;
				GCC_WARN_UNUSED_FUNCTION = YES;
				GCC_WARN_UNUSED_VARIABLE = YES;
				MTL_ENABLE_DEBUG_INFO = NO;
				MTL_FAST_MATH = YES;
				SWIFT_COMPILATION_MODE = wholemodule;
				SWIFT_OPTIMIZATION_LEVEL = "-O";
			};
			name = Release;
		};
		52F5C9DB28A72EB4003D4D46 /* Debug */ = {
			isa = XCBuildConfiguration;
			buildSettings = {
				ASSETCATALOG_COMPILER_APPICON_NAME = AppIcon;
				ASSETCATALOG_COMPILER_GLOBAL_ACCENT_COLOR_NAME = AccentColor;
				CLANG_ENABLE_MODULES = YES;
				CODE_SIGN_STYLE = Automatic;
				CURRENT_PROJECT_VERSION = 1;
				DEVELOPMENT_TEAM = CUNXN3MT5U;
				ENABLE_BITCODE = NO;
				ENABLE_PREVIEWS = YES;
				FRAMEWORK_SEARCH_PATHS = "../../Library/Frameworks";
				GENERATE_INFOPLIST_FILE = YES;
				INFOPLIST_FILE = "Solum-Example--iOS--Info.plist";
				INFOPLIST_KEY_NSBluetoothAlwaysUsageDescription = "Requires Bluetooth to Look for Scanners";
				INFOPLIST_KEY_UIApplicationSceneManifest_Generation = YES;
				INFOPLIST_KEY_UIApplicationSupportsIndirectInputEvents = YES;
				INFOPLIST_KEY_UILaunchScreen_Generation = YES;
				INFOPLIST_KEY_UISupportedInterfaceOrientations = UIInterfaceOrientationPortrait;
				INFOPLIST_KEY_UISupportedInterfaceOrientations_iPad = "UIInterfaceOrientationPortrait UIInterfaceOrientationPortraitUpsideDown UIInterfaceOrientationLandscapeLeft UIInterfaceOrientationLandscapeRight";
				INFOPLIST_KEY_UISupportedInterfaceOrientations_iPhone = "UIInterfaceOrientationPortrait UIInterfaceOrientationLandscapeLeft UIInterfaceOrientationLandscapeRight";
				IPHONEOS_DEPLOYMENT_TARGET = 15.5;
				LD_RUNPATH_SEARCH_PATHS = (
					"$(inherited)",
					"@executable_path/Frameworks",
				);
				MARKETING_VERSION = 1.0;
				PRODUCT_BUNDLE_IDENTIFIER = "Clarius-Mobile-Health.Solum-Example";
				PRODUCT_NAME = "Solum Example";
				SDKROOT = iphoneos;
				SWIFT_EMIT_LOC_STRINGS = YES;
				SWIFT_OBJC_BRIDGING_HEADER = "Shared/Solum Example (iOS)-Bridging-Header.h";
				SWIFT_OPTIMIZATION_LEVEL = "-Onone";
				SWIFT_VERSION = 5.0;
				TARGETED_DEVICE_FAMILY = "1,2";
			};
			name = Debug;
		};
		52F5C9DC28A72EB4003D4D46 /* Release */ = {
			isa = XCBuildConfiguration;
			buildSettings = {
				ASSETCATALOG_COMPILER_APPICON_NAME = AppIcon;
				ASSETCATALOG_COMPILER_GLOBAL_ACCENT_COLOR_NAME = AccentColor;
				CLANG_ENABLE_MODULES = YES;
				CODE_SIGN_STYLE = Automatic;
				CURRENT_PROJECT_VERSION = 1;
				DEVELOPMENT_TEAM = CUNXN3MT5U;
				ENABLE_BITCODE = NO;
				ENABLE_PREVIEWS = YES;
				FRAMEWORK_SEARCH_PATHS = "../../Library/Frameworks";
				GENERATE_INFOPLIST_FILE = YES;
				INFOPLIST_FILE = "Solum-Example--iOS--Info.plist";
				INFOPLIST_KEY_NSBluetoothAlwaysUsageDescription = "Requires Bluetooth to Look for Scanners";
				INFOPLIST_KEY_UIApplicationSceneManifest_Generation = YES;
				INFOPLIST_KEY_UIApplicationSupportsIndirectInputEvents = YES;
				INFOPLIST_KEY_UILaunchScreen_Generation = YES;
				INFOPLIST_KEY_UISupportedInterfaceOrientations = UIInterfaceOrientationPortrait;
				INFOPLIST_KEY_UISupportedInterfaceOrientations_iPad = "UIInterfaceOrientationPortrait UIInterfaceOrientationPortraitUpsideDown UIInterfaceOrientationLandscapeLeft UIInterfaceOrientationLandscapeRight";
				INFOPLIST_KEY_UISupportedInterfaceOrientations_iPhone = "UIInterfaceOrientationPortrait UIInterfaceOrientationLandscapeLeft UIInterfaceOrientationLandscapeRight";
				IPHONEOS_DEPLOYMENT_TARGET = 15.5;
				LD_RUNPATH_SEARCH_PATHS = (
					"$(inherited)",
					"@executable_path/Frameworks",
				);
				MARKETING_VERSION = 1.0;
				PRODUCT_BUNDLE_IDENTIFIER = "Clarius-Mobile-Health.Solum-Example";
				PRODUCT_NAME = "Solum Example";
				SDKROOT = iphoneos;
				SWIFT_EMIT_LOC_STRINGS = YES;
				SWIFT_OBJC_BRIDGING_HEADER = "Shared/Solum Example (iOS)-Bridging-Header.h";
				SWIFT_VERSION = 5.0;
				TARGETED_DEVICE_FAMILY = "1,2";
				VALIDATE_PRODUCT = YES;
			};
			name = Release;
		};
		52F5C9DE28A72EB4003D4D46 /* Debug */ = {
			isa = XCBuildConfiguration;
			buildSettings = {
				ASSETCATALOG_COMPILER_APPICON_NAME = AppIcon;
				ASSETCATALOG_COMPILER_GLOBAL_ACCENT_COLOR_NAME = AccentColor;
				CLANG_ENABLE_MODULES = YES;
				CODE_SIGN_ENTITLEMENTS = macOS/macOS.entitlements;
				CODE_SIGN_STYLE = Automatic;
				COMBINE_HIDPI_IMAGES = YES;
				CURRENT_PROJECT_VERSION = 1;
				DEVELOPMENT_TEAM = CUNXN3MT5U;
				ENABLE_HARDENED_RUNTIME = YES;
				ENABLE_PREVIEWS = YES;
				FRAMEWORK_SEARCH_PATHS = "../../Library/Frameworks";
				GENERATE_INFOPLIST_FILE = YES;
				INFOPLIST_FILE = "Solum-Example--macOS--Info.plist";
				INFOPLIST_KEY_NSBluetoothAlwaysUsageDescription = "Bluetooth is required for connecting to scanners.";
				INFOPLIST_KEY_NSHumanReadableCopyright = "";
				LD_RUNPATH_SEARCH_PATHS = (
					"$(inherited)",
					"@executable_path/../Frameworks",
				);
				MACOSX_DEPLOYMENT_TARGET = 12.3;
				MARKETING_VERSION = 1.0;
				PRODUCT_BUNDLE_IDENTIFIER = "Clarius-Mobile-Health.Solum-Example";
				PRODUCT_NAME = "Solum Example";
				SDKROOT = macosx;
				SWIFT_EMIT_LOC_STRINGS = YES;
				SWIFT_OBJC_BRIDGING_HEADER = "Shared/Solum Example (macOS)-Bridging-Header.h";
				SWIFT_OPTIMIZATION_LEVEL = "-Onone";
				SWIFT_VERSION = 5.0;
			};
			name = Debug;
		};
		52F5C9DF28A72EB4003D4D46 /* Release */ = {
			isa = XCBuildConfiguration;
			buildSettings = {
				ASSETCATALOG_COMPILER_APPICON_NAME = AppIcon;
				ASSETCATALOG_COMPILER_GLOBAL_ACCENT_COLOR_NAME = AccentColor;
				CLANG_ENABLE_MODULES = YES;
				CODE_SIGN_ENTITLEMENTS = macOS/macOS.entitlements;
				CODE_SIGN_STYLE = Automatic;
				COMBINE_HIDPI_IMAGES = YES;
				CURRENT_PROJECT_VERSION = 1;
				DEVELOPMENT_TEAM = CUNXN3MT5U;
				ENABLE_HARDENED_RUNTIME = YES;
				ENABLE_PREVIEWS = YES;
				FRAMEWORK_SEARCH_PATHS = "../../Library/Frameworks";
				GENERATE_INFOPLIST_FILE = YES;
				INFOPLIST_FILE = "Solum-Example--macOS--Info.plist";
				INFOPLIST_KEY_NSBluetoothAlwaysUsageDescription = "Bluetooth is required for connecting to scanners.";
				INFOPLIST_KEY_NSHumanReadableCopyright = "";
				LD_RUNPATH_SEARCH_PATHS = (
					"$(inherited)",
					"@executable_path/../Frameworks",
				);
				MACOSX_DEPLOYMENT_TARGET = 12.3;
				MARKETING_VERSION = 1.0;
				PRODUCT_BUNDLE_IDENTIFIER = "Clarius-Mobile-Health.Solum-Example";
				PRODUCT_NAME = "Solum Example";
				SDKROOT = macosx;
				SWIFT_EMIT_LOC_STRINGS = YES;
				SWIFT_OBJC_BRIDGING_HEADER = "Shared/Solum Example (macOS)-Bridging-Header.h";
				SWIFT_VERSION = 5.0;
			};
			name = Release;
		};
/* End XCBuildConfiguration section */

/* Begin XCConfigurationList section */
		52F5C9C028A72EB2003D4D46 /* Build configuration list for PBXProject "Solum Example" */ = {
			isa = XCConfigurationList;
			buildConfigurations = (
				52F5C9D828A72EB4003D4D46 /* Debug */,
				52F5C9D928A72EB4003D4D46 /* Release */,
			);
			defaultConfigurationIsVisible = 0;
			defaultConfigurationName = Release;
		};
		52F5C9DA28A72EB4003D4D46 /* Build configuration list for PBXNativeTarget "Solum Example (iOS)" */ = {
			isa = XCConfigurationList;
			buildConfigurations = (
				52F5C9DB28A72EB4003D4D46 /* Debug */,
				52F5C9DC28A72EB4003D4D46 /* Release */,
			);
			defaultConfigurationIsVisible = 0;
			defaultConfigurationName = Release;
		};
		52F5C9DD28A72EB4003D4D46 /* Build configuration list for PBXNativeTarget "Solum Example (macOS)" */ = {
			isa = XCConfigurationList;
			buildConfigurations = (
				52F5C9DE28A72EB4003D4D46 /* Debug */,
				52F5C9DF28A72EB4003D4D46 /* Release */,
			);
			defaultConfigurationIsVisible = 0;
			defaultConfigurationName = Release;
		};
/* End XCConfigurationList section */

/* Begin XCRemoteSwiftPackageReference section */
		5299D9D628BD2CDC003D797B /* XCRemoteSwiftPackageReference "Yams" */ = {
			isa = XCRemoteSwiftPackageReference;
			repositoryURL = "https://github.com/jpsim/Yams";
			requirement = {
				kind = upToNextMajorVersion;
				minimumVersion = 5.0.0;
			};
		};
		5299D9D928BD2D27003D797B /* XCRemoteSwiftPackageReference "Yams" */ = {
			isa = XCRemoteSwiftPackageReference;
			repositoryURL = "https://github.com/jpsim/Yams";
			requirement = {
				kind = upToNextMajorVersion;
				minimumVersion = 5.0.0;
			};
		};
/* End XCRemoteSwiftPackageReference section */

/* Begin XCSwiftPackageProductDependency section */
		5299D9D728BD2CDC003D797B /* Yams */ = {
			isa = XCSwiftPackageProductDependency;
			package = 5299D9D628BD2CDC003D797B /* XCRemoteSwiftPackageReference "Yams" */;
			productName = Yams;
		};
		5299D9DA28BD2D27003D797B /* Yams */ = {
			isa = XCSwiftPackageProductDependency;
			package = 5299D9D928BD2D27003D797B /* XCRemoteSwiftPackageReference "Yams" */;
			productName = Yams;
		};
/* End XCSwiftPackageProductDependency section */
	};
	rootObject = 52F5C9BD28A72EB2003D4D46 /* Project object */;
}
